// !$*UTF8*$!
{
	archiveVersion = 1;
	classes = {
	};
	objectVersion = 55;
	objects = {

/* Begin PBXBuildFile section */
		D943105428B80C3C00F5A4F9 /* Model.swift in Sources */ = {isa = PBXBuildFile; fileRef = D943105328B80C3C00F5A4F9 /* Model.swift */; };
		D943105928B94FDA00F5A4F9 /* DefaultTableViewCell.swift in Sources */ = {isa = PBXBuildFile; fileRef = D943105828B94FDA00F5A4F9 /* DefaultTableViewCell.swift */; };
		D943105C28B953A900F5A4F9 /* SnapKit in Frameworks */ = {isa = PBXBuildFile; productRef = D943105B28B953A900F5A4F9 /* SnapKit */; };
		D943105E28B983B800F5A4F9 /* SettingsViewController + Extensions.swift in Sources */ = {isa = PBXBuildFile; fileRef = D943105D28B983B800F5A4F9 /* SettingsViewController + Extensions.swift */; };
		D943106028BA25C700F5A4F9 /* LabelTableViewCell.swift in Sources */ = {isa = PBXBuildFile; fileRef = D943105F28BA25C700F5A4F9 /* LabelTableViewCell.swift */; };
		D9B21F8A28B7AA7200A2F11E /* AppDelegate.swift in Sources */ = {isa = PBXBuildFile; fileRef = D9B21F8928B7AA7200A2F11E /* AppDelegate.swift */; };
		D9B21F8C28B7AA7200A2F11E /* SceneDelegate.swift in Sources */ = {isa = PBXBuildFile; fileRef = D9B21F8B28B7AA7200A2F11E /* SceneDelegate.swift */; };
		D9B21F8E28B7AA7200A2F11E /* SettingsViewController.swift in Sources */ = {isa = PBXBuildFile; fileRef = D9B21F8D28B7AA7200A2F11E /* SettingsViewController.swift */; };
		D9B21F9328B7AA7300A2F11E /* Assets.xcassets in Resources */ = {isa = PBXBuildFile; fileRef = D9B21F9228B7AA7300A2F11E /* Assets.xcassets */; };
		D9B21F9628B7AA7300A2F11E /* LaunchScreen.storyboard in Resources */ = {isa = PBXBuildFile; fileRef = D9B21F9428B7AA7300A2F11E /* LaunchScreen.storyboard */; };
/* End PBXBuildFile section */

/* Begin PBXFileReference section */
		D943105328B80C3C00F5A4F9 /* Model.swift */ = {isa = PBXFileReference; lastKnownFileType = sourcecode.swift; path = Model.swift; sourceTree = "<group>"; };
		D943105828B94FDA00F5A4F9 /* DefaultTableViewCell.swift */ = {isa = PBXFileReference; lastKnownFileType = sourcecode.swift; path = DefaultTableViewCell.swift; sourceTree = "<group>"; };
		D943105D28B983B800F5A4F9 /* SettingsViewController + Extensions.swift */ = {isa = PBXFileReference; lastKnownFileType = sourcecode.swift; path = "SettingsViewController + Extensions.swift"; sourceTree = "<group>"; };
		D943105F28BA25C700F5A4F9 /* LabelTableViewCell.swift */ = {isa = PBXFileReference; lastKnownFileType = sourcecode.swift; path = LabelTableViewCell.swift; sourceTree = "<group>"; };
		D9B21F8628B7AA7200A2F11E /* IphoneSettingsScreen.app */ = {isa = PBXFileReference; explicitFileType = wrapper.application; includeInIndex = 0; path = IphoneSettingsScreen.app; sourceTree = BUILT_PRODUCTS_DIR; };
		D9B21F8928B7AA7200A2F11E /* AppDelegate.swift */ = {isa = PBXFileReference; lastKnownFileType = sourcecode.swift; path = AppDelegate.swift; sourceTree = "<group>"; };
		D9B21F8B28B7AA7200A2F11E /* SceneDelegate.swift */ = {isa = PBXFileReference; lastKnownFileType = sourcecode.swift; path = SceneDelegate.swift; sourceTree = "<group>"; };
		D9B21F8D28B7AA7200A2F11E /* SettingsViewController.swift */ = {isa = PBXFileReference; lastKnownFileType = sourcecode.swift; path = SettingsViewController.swift; sourceTree = "<group>"; };
		D9B21F9228B7AA7300A2F11E /* Assets.xcassets */ = {isa = PBXFileReference; lastKnownFileType = folder.assetcatalog; path = Assets.xcassets; sourceTree = "<group>"; };
		D9B21F9528B7AA7300A2F11E /* Base */ = {isa = PBXFileReference; lastKnownFileType = file.storyboard; name = Base; path = Base.lproj/LaunchScreen.storyboard; sourceTree = "<group>"; };
		D9B21F9728B7AA7300A2F11E /* Info.plist */ = {isa = PBXFileReference; lastKnownFileType = text.plist.xml; path = Info.plist; sourceTree = "<group>"; };
/* End PBXFileReference section */

/* Begin PBXFrameworksBuildPhase section */
		D9B21F8328B7AA7200A2F11E /* Frameworks */ = {
			isa = PBXFrameworksBuildPhase;
			buildActionMask = 2147483647;
			files = (
				D943105C28B953A900F5A4F9 /* SnapKit in Frameworks */,
			);
			runOnlyForDeploymentPostprocessing = 0;
		};
/* End PBXFrameworksBuildPhase section */

/* Begin PBXGroup section */
		D943104D28B8094C00F5A4F9 /* Resources */ = {
			isa = PBXGroup;
			children = (
				D9B21F9228B7AA7300A2F11E /* Assets.xcassets */,
				D943104F28B8096700F5A4F9 /* Configuration */,
			);
			path = Resources;
			sourceTree = "<group>";
		};
		D943104E28B8095600F5A4F9 /* Sources */ = {
			isa = PBXGroup;
			children = (
				D9B21F8D28B7AA7200A2F11E /* SettingsViewController.swift */,
				D943105228B809CE00F5A4F9 /* CustomModule */,
				D943105128B809A700F5A4F9 /* Storyboards */,
				D943105028B8099100F5A4F9 /* App */,
			);
			path = Sources;
			sourceTree = "<group>";
		};
		D943104F28B8096700F5A4F9 /* Configuration */ = {
			isa = PBXGroup;
			children = (
				D9B21F9728B7AA7300A2F11E /* Info.plist */,
			);
			path = Configuration;
			sourceTree = "<group>";
		};
		D943105028B8099100F5A4F9 /* App */ = {
			isa = PBXGroup;
			children = (
				D9B21F8928B7AA7200A2F11E /* AppDelegate.swift */,
				D9B21F8B28B7AA7200A2F11E /* SceneDelegate.swift */,
			);
			path = App;
			sourceTree = "<group>";
		};
		D943105128B809A700F5A4F9 /* Storyboards */ = {
			isa = PBXGroup;
			children = (
				D9B21F9428B7AA7300A2F11E /* LaunchScreen.storyboard */,
			);
			path = Storyboards;
			sourceTree = "<group>";
		};
		D943105228B809CE00F5A4F9 /* CustomModule */ = {
			isa = PBXGroup;
			children = (
				D943105328B80C3C00F5A4F9 /* Model.swift */,
				D943105828B94FDA00F5A4F9 /* DefaultTableViewCell.swift */,
				D943105F28BA25C700F5A4F9 /* LabelTableViewCell.swift */,
			);
			path = CustomModule;
			sourceTree = "<group>";
		};
		D943105528B9158D00F5A4F9 /* Extensions */ = {
			isa = PBXGroup;
			children = (
				D943105D28B983B800F5A4F9 /* SettingsViewController + Extensions.swift */,
			);
			path = Extensions;
			sourceTree = "<group>";
		};
		D9B21F7D28B7AA7200A2F11E = {
			isa = PBXGroup;
			children = (
				D9B21F8828B7AA7200A2F11E /* IphoneSettingsScreen */,
				D9B21F8728B7AA7200A2F11E /* Products */,
			);
			sourceTree = "<group>";
		};
		D9B21F8728B7AA7200A2F11E /* Products */ = {
			isa = PBXGroup;
			children = (
				D9B21F8628B7AA7200A2F11E /* IphoneSettingsScreen.app */,
			);
			name = Products;
			sourceTree = "<group>";
		};
		D9B21F8828B7AA7200A2F11E /* IphoneSettingsScreen */ = {
			isa = PBXGroup;
			children = (
				D943105528B9158D00F5A4F9 /* Extensions */,
				D943104E28B8095600F5A4F9 /* Sources */,
				D943104D28B8094C00F5A4F9 /* Resources */,
			);
			path = IphoneSettingsScreen;
			sourceTree = "<group>";
		};
/* End PBXGroup section */

/* Begin PBXNativeTarget section */
		D9B21F8528B7AA7200A2F11E /* IphoneSettingsScreen */ = {
			isa = PBXNativeTarget;
			buildConfigurationList = D9B21F9A28B7AA7300A2F11E /* Build configuration list for PBXNativeTarget "IphoneSettingsScreen" */;
			buildPhases = (
				D9B21F8228B7AA7200A2F11E /* Sources */,
				D9B21F8328B7AA7200A2F11E /* Frameworks */,
				D9B21F8428B7AA7200A2F11E /* Resources */,
			);
			buildRules = (
			);
			dependencies = (
			);
			name = IphoneSettingsScreen;
			packageProductDependencies = (
				D943105B28B953A900F5A4F9 /* SnapKit */,
			);
			productName = IphoneSettingsScreen;
			productReference = D9B21F8628B7AA7200A2F11E /* IphoneSettingsScreen.app */;
			productType = "com.apple.product-type.application";
		};
/* End PBXNativeTarget section */

/* Begin PBXProject section */
		D9B21F7E28B7AA7200A2F11E /* Project object */ = {
			isa = PBXProject;
			attributes = {
				BuildIndependentTargetsInParallel = 1;
				LastSwiftUpdateCheck = 1340;
				LastUpgradeCheck = 1340;
				TargetAttributes = {
					D9B21F8528B7AA7200A2F11E = {
						CreatedOnToolsVersion = 13.4.1;
					};
				};
			};
			buildConfigurationList = D9B21F8128B7AA7200A2F11E /* Build configuration list for PBXProject "IphoneSettingsScreen" */;
			compatibilityVersion = "Xcode 13.0";
			developmentRegion = en;
			hasScannedForEncodings = 0;
			knownRegions = (
				en,
				Base,
			);
			mainGroup = D9B21F7D28B7AA7200A2F11E;
			packageReferences = (
				D943105A28B953A900F5A4F9 /* XCRemoteSwiftPackageReference "SnapKit" */,
			);
			productRefGroup = D9B21F8728B7AA7200A2F11E /* Products */;
			projectDirPath = "";
			projectRoot = "";
			targets = (
				D9B21F8528B7AA7200A2F11E /* IphoneSettingsScreen */,
			);
		};
/* End PBXProject section */

/* Begin PBXResourcesBuildPhase section */
		D9B21F8428B7AA7200A2F11E /* Resources */ = {
			isa = PBXResourcesBuildPhase;
			buildActionMask = 2147483647;
			files = (
				D9B21F9628B7AA7300A2F11E /* LaunchScreen.storyboard in Resources */,
				D9B21F9328B7AA7300A2F11E /* Assets.xcassets in Resources */,
			);
			runOnlyForDeploymentPostprocessing = 0;
		};
/* End PBXResourcesBuildPhase section */

/* Begin PBXSourcesBuildPhase section */
		D9B21F8228B7AA7200A2F11E /* Sources */ = {
			isa = PBXSourcesBuildPhase;
			buildActionMask = 2147483647;
			files = (
				D943105928B94FDA00F5A4F9 /* DefaultTableViewCell.swift in Sources */,
				D9B21F8E28B7AA7200A2F11E /* SettingsViewController.swift in Sources */,
				D9B21F8A28B7AA7200A2F11E /* AppDelegate.swift in Sources */,
				D9B21F8C28B7AA7200A2F11E /* SceneDelegate.swift in Sources */,
				D943106028BA25C700F5A4F9 /* LabelTableViewCell.swift in Sources */,
				D943105428B80C3C00F5A4F9 /* Model.swift in Sources */,
				D943105E28B983B800F5A4F9 /* SettingsViewController + Extensions.swift in Sources */,
			);
			runOnlyForDeploymentPostprocessing = 0;
		};
/* End PBXSourcesBuildPhase section */

/* Begin PBXVariantGroup section */
		D9B21F9428B7AA7300A2F11E /* LaunchScreen.storyboard */ = {
			isa = PBXVariantGroup;
			children = (
				D9B21F9528B7AA7300A2F11E /* Base */,
			);
			name = LaunchScreen.storyboard;
			sourceTree = "<group>";
		};
/* End PBXVariantGroup section */

/* Begin XCBuildConfiguration section */
		D9B21F9828B7AA7300A2F11E /* Debug */ = {
			isa = XCBuildConfiguration;
			buildSettings = {
				ALWAYS_SEARCH_USER_PATHS = NO;
				CLANG_ANALYZER_NONNULL = YES;
				CLANG_ANALYZER_NUMBER_OBJECT_CONVERSION = YES_AGGRESSIVE;
				CLANG_CXX_LANGUAGE_STANDARD = "gnu++17";
				CLANG_ENABLE_MODULES = YES;
				CLANG_ENABLE_OBJC_ARC = YES;
				CLANG_ENABLE_OBJC_WEAK = YES;
				CLANG_WARN_BLOCK_CAPTURE_AUTORELEASING = YES;
				CLANG_WARN_BOOL_CONVERSION = YES;
				CLANG_WARN_COMMA = YES;
				CLANG_WARN_CONSTANT_CONVERSION = YES;
				CLANG_WARN_DEPRECATED_OBJC_IMPLEMENTATIONS = YES;
				CLANG_WARN_DIRECT_OBJC_ISA_USAGE = YES_ERROR;
				CLANG_WARN_DOCUMENTATION_COMMENTS = YES;
				CLANG_WARN_EMPTY_BODY = YES;
				CLANG_WARN_ENUM_CONVERSION = YES;
				CLANG_WARN_INFINITE_RECURSION = YES;
				CLANG_WARN_INT_CONVERSION = YES;
				CLANG_WARN_NON_LITERAL_NULL_CONVERSION = YES;
				CLANG_WARN_OBJC_IMPLICIT_RETAIN_SELF = YES;
				CLANG_WARN_OBJC_LITERAL_CONVERSION = YES;
				CLANG_WARN_OBJC_ROOT_CLASS = YES_ERROR;
				CLANG_WARN_QUOTED_INCLUDE_IN_FRAMEWORK_HEADER = YES;
				CLANG_WARN_RANGE_LOOP_ANALYSIS = YES;
				CLANG_WARN_STRICT_PROTOTYPES = YES;
				CLANG_WARN_SUSPICIOUS_MOVE = YES;
				CLANG_WARN_UNGUARDED_AVAILABILITY = YES_AGGRESSIVE;
				CLANG_WARN_UNREACHABLE_CODE = YES;
				CLANG_WARN__DUPLICATE_METHOD_MATCH = YES;
				COPY_PHASE_STRIP = NO;
				DEBUG_INFORMATION_FORMAT = dwarf;
				ENABLE_STRICT_OBJC_MSGSEND = YES;
				ENABLE_TESTABILITY = YES;
				GCC_C_LANGUAGE_STANDARD = gnu11;
				GCC_DYNAMIC_NO_PIC = NO;
				GCC_NO_COMMON_BLOCKS = YES;
				GCC_OPTIMIZATION_LEVEL = 0;
				GCC_PREPROCESSOR_DEFINITIONS = (
					"DEBUG=1",
					"$(inherited)",
				);
				GCC_WARN_64_TO_32_BIT_CONVERSION = YES;
				GCC_WARN_ABOUT_RETURN_TYPE = YES_ERROR;
				GCC_WARN_UNDECLARED_SELECTOR = YES;
				GCC_WARN_UNINITIALIZED_AUTOS = YES_AGGRESSIVE;
				GCC_WARN_UNUSED_FUNCTION = YES;
				GCC_WARN_UNUSED_VARIABLE = YES;
				IPHONEOS_DEPLOYMENT_TARGET = 15.5;
				MTL_ENABLE_DEBUG_INFO = INCLUDE_SOURCE;
				MTL_FAST_MATH = YES;
				ONLY_ACTIVE_ARCH = YES;
				SDKROOT = iphoneos;
				SWIFT_ACTIVE_COMPILATION_CONDITIONS = DEBUG;
				SWIFT_OPTIMIZATION_LEVEL = "-Onone";
			};
			name = Debug;
		};
		D9B21F9928B7AA7300A2F11E /* Release */ = {
			isa = XCBuildConfiguration;
			buildSettings = {
				ALWAYS_SEARCH_USER_PATHS = NO;
				CLANG_ANALYZER_NONNULL = YES;
				CLANG_ANALYZER_NUMBER_OBJECT_CONVERSION = YES_AGGRESSIVE;
				CLANG_CXX_LANGUAGE_STANDARD = "gnu++17";
				CLANG_ENABLE_MODULES = YES;
				CLANG_ENABLE_OBJC_ARC = YES;
				CLANG_ENABLE_OBJC_WEAK = YES;
				CLANG_WARN_BLOCK_CAPTURE_AUTORELEASING = YES;
				CLANG_WARN_BOOL_CONVERSION = YES;
				CLANG_WARN_COMMA = YES;
				CLANG_WARN_CONSTANT_CONVERSION = YES;
				CLANG_WARN_DEPRECATED_OBJC_IMPLEMENTATIONS = YES;
				CLANG_WARN_DIRECT_OBJC_ISA_USAGE = YES_ERROR;
				CLANG_WARN_DOCUMENTATION_COMMENTS = YES;
				CLANG_WARN_EMPTY_BODY = YES;
				CLANG_WARN_ENUM_CONVERSION = YES;
				CLANG_WARN_INFINITE_RECURSION = YES;
				CLANG_WARN_INT_CONVERSION = YES;
				CLANG_WARN_NON_LITERAL_NULL_CONVERSION = YES;
				CLANG_WARN_OBJC_IMPLICIT_RETAIN_SELF = YES;
				CLANG_WARN_OBJC_LITERAL_CONVERSION = YES;
				CLANG_WARN_OBJC_ROOT_CLASS = YES_ERROR;
				CLANG_WARN_QUOTED_INCLUDE_IN_FRAMEWORK_HEADER = YES;
				CLANG_WARN_RANGE_LOOP_ANALYSIS = YES;
				CLANG_WARN_STRICT_PROTOTYPES = YES;
				CLANG_WARN_SUSPICIOUS_MOVE = YES;
				CLANG_WARN_UNGUARDED_AVAILABILITY = YES_AGGRESSIVE;
				CLANG_WARN_UNREACHABLE_CODE = YES;
				CLANG_WARN__DUPLICATE_METHOD_MATCH = YES;
				COPY_PHASE_STRIP = NO;
				DEBUG_INFORMATION_FORMAT = "dwarf-with-dsym";
				ENABLE_NS_ASSERTIONS = NO;
				ENABLE_STRICT_OBJC_MSGSEND = YES;
				GCC_C_LANGUAGE_STANDARD = gnu11;
				GCC_NO_COMMON_BLOCKS = YES;
				GCC_WARN_64_TO_32_BIT_CONVERSION = YES;
				GCC_WARN_ABOUT_RETURN_TYPE = YES_ERROR;
				GCC_WARN_UNDECLARED_SELECTOR = YES;
				GCC_WARN_UNINITIALIZED_AUTOS = YES_AGGRESSIVE;
				GCC_WARN_UNUSED_FUNCTION = YES;
				GCC_WARN_UNUSED_VARIABLE = YES;
				IPHONEOS_DEPLOYMENT_TARGET = 15.5;
				MTL_ENABLE_DEBUG_INFO = NO;
				MTL_FAST_MATH = YES;
				SDKROOT = iphoneos;
				SWIFT_COMPILATION_MODE = wholemodule;
				SWIFT_OPTIMIZATION_LEVEL = "-O";
				VALIDATE_PRODUCT = YES;
			};
			name = Release;
		};
		D9B21F9B28B7AA7300A2F11E /* Debug */ = {
			isa = XCBuildConfiguration;
			buildSettings = {
				ASSETCATALOG_COMPILER_APPICON_NAME = AppIcon;
				ASSETCATALOG_COMPILER_GLOBAL_ACCENT_COLOR_NAME = AccentColor;
				CODE_SIGN_STYLE = Automatic;
				CURRENT_PROJECT_VERSION = 1;
				DEVELOPMENT_TEAM = 76N9URDUCT;
				GENERATE_INFOPLIST_FILE = YES;
				INFOPLIST_FILE = IphoneSettingsScreen/resources/Configuration/Info.plist;
				INFOPLIST_KEY_UIApplicationSupportsIndirectInputEvents = YES;
				INFOPLIST_KEY_UILaunchStoryboardName = LaunchScreen;
				INFOPLIST_KEY_UISupportedInterfaceOrientations_iPad = "UIInterfaceOrientationPortrait UIInterfaceOrientationPortraitUpsideDown UIInterfaceOrientationLandscapeLeft UIInterfaceOrientationLandscapeRight";
				INFOPLIST_KEY_UISupportedInterfaceOrientations_iPhone = "UIInterfaceOrientationPortrait UIInterfaceOrientationLandscapeLeft UIInterfaceOrientationLandscapeRight";
				LD_RUNPATH_SEARCH_PATHS = (
					"$(inherited)",
					"@executable_path/Frameworks",
				);
				MARKETING_VERSION = 1.0;
				PRODUCT_BUNDLE_IDENTIFIER = ArtemGalay.IphoneSettingsScreen;
				PRODUCT_NAME = "$(TARGET_NAME)";
				SWIFT_EMIT_LOC_STRINGS = YES;
				SWIFT_VERSION = 5.0;
				TARGETED_DEVICE_FAMILY = "1,2";
			};
			name = Debug;
		};
		D9B21F9C28B7AA7300A2F11E /* Release */ = {
			isa = XCBuildConfiguration;
			buildSettings = {
				ASSETCATALOG_COMPILER_APPICON_NAME = AppIcon;
				ASSETCATALOG_COMPILER_GLOBAL_ACCENT_COLOR_NAME = AccentColor;
				CODE_SIGN_STYLE = Automatic;
				CURRENT_PROJECT_VERSION = 1;
				DEVELOPMENT_TEAM = 76N9URDUCT;
				GENERATE_INFOPLIST_FILE = YES;
				INFOPLIST_FILE = IphoneSettingsScreen/resources/Configuration/Info.plist;
				INFOPLIST_KEY_UIApplicationSupportsIndirectInputEvents = YES;
				INFOPLIST_KEY_UILaunchStoryboardName = LaunchScreen;
				INFOPLIST_KEY_UISupportedInterfaceOrientations_iPad = "UIInterfaceOrientationPortrait UIInterfaceOrientationPortraitUpsideDown UIInterfaceOrientationLandscapeLeft UIInterfaceOrientationLandscapeRight";
				INFOPLIST_KEY_UISupportedInterfaceOrientations_iPhone = "UIInterfaceOrientationPortrait UIInterfaceOrientationLandscapeLeft UIInterfaceOrientationLandscapeRight";
				LD_RUNPATH_SEARCH_PATHS = (
					"$(inherited)",
					"@executable_path/Frameworks",
				);
				MARKETING_VERSION = 1.0;
				PRODUCT_BUNDLE_IDENTIFIER = ArtemGalay.IphoneSettingsScreen;
				PRODUCT_NAME = "$(TARGET_NAME)";
				SWIFT_EMIT_LOC_STRINGS = YES;
				SWIFT_VERSION = 5.0;
				TARGETED_DEVICE_FAMILY = "1,2";
			};
			name = Release;
		};
/* End XCBuildConfiguration section */

/* Begin XCConfigurationList section */
		D9B21F8128B7AA7200A2F11E /* Build configuration list for PBXProject "IphoneSettingsScreen" */ = {
			isa = XCConfigurationList;
			buildConfigurations = (
				D9B21F9828B7AA7300A2F11E /* Debug */,
				D9B21F9928B7AA7300A2F11E /* Release */,
			);
			defaultConfigurationIsVisible = 0;
			defaultConfigurationName = Release;
		};
		D9B21F9A28B7AA7300A2F11E /* Build configuration list for PBXNativeTarget "IphoneSettingsScreen" */ = {
			isa = XCConfigurationList;
			buildConfigurations = (
				D9B21F9B28B7AA7300A2F11E /* Debug */,
				D9B21F9C28B7AA7300A2F11E /* Release */,
			);
			defaultConfigurationIsVisible = 0;
			defaultConfigurationName = Release;
		};
/* End XCConfigurationList section */

/* Begin XCRemoteSwiftPackageReference section */
		D943105A28B953A900F5A4F9 /* XCRemoteSwiftPackageReference "SnapKit" */ = {
			isa = XCRemoteSwiftPackageReference;
			repositoryURL = "https://github.com/SnapKit/SnapKit";
			requirement = {
				branch = develop;
				kind = branch;
			};
		};
/* End XCRemoteSwiftPackageReference section */

/* Begin XCSwiftPackageProductDependency section */
		D943105B28B953A900F5A4F9 /* SnapKit */ = {
			isa = XCSwiftPackageProductDependency;
			package = D943105A28B953A900F5A4F9 /* XCRemoteSwiftPackageReference "SnapKit" */;
			productName = SnapKit;
		};
/* End XCSwiftPackageProductDependency section */
	};
	rootObject = D9B21F7E28B7AA7200A2F11E /* Project object */;
}
